
Microsoft Visual Studio Solution File, Format Version 12.00
# Visual Studio Version 17
VisualStudioVersion = 17.10.35027.167
MinimumVisualStudioVersion = 10.0.40219.1
Project("{2150E333-8FDC-42A3-9474-1A3956D46DE8}") = "FrontEnd", "FrontEnd", "{509D10BC-3734-4E50-BEC9-3AB62DE9E423}"
EndProject
Project("{2150E333-8FDC-42A3-9474-1A3956D46DE8}") = "Services", "Services", "{CB39B2B5-5FC1-4D6C-93F0-CFEE380D5F07}"
EndProject
Project("{FAE04EC0-301F-11D3-BF4B-00C04F79EFBC}") = "GeekShooping.Web", "FrontEnd\GeekShooping.Web\GeekShooping.Web.csproj", "{F76DF282-3571-448E-9AD8-F33DA683809D}"
EndProject
Global
	GlobalSection(SolutionConfigurationPlatforms) = preSolution
		Debug|Any CPU = Debug|Any CPU
		Release|Any CPU = Release|Any CPU
	EndGlobalSection
	GlobalSection(ProjectConfigurationPlatforms) = postSolution
		{F76DF282-3571-448E-9AD8-F33DA683809D}.Debug|Any CPU.ActiveCfg = Debug|Any CPU
		{F76DF282-3571-448E-9AD8-F33DA683809D}.Debug|Any CPU.Build.0 = Debug|Any CPU
		{F76DF282-3571-448E-9AD8-F33DA683809D}.Release|Any CPU.ActiveCfg = Release|Any CPU
		{F76DF282-3571-448E-9AD8-F33DA683809D}.Release|Any CPU.Build.0 = Release|Any CPU
	EndGlobalSection
	GlobalSection(SolutionProperties) = preSolution
		HideSolutionNode = FALSE
	EndGlobalSection
	GlobalSection(NestedProjects) = preSolution
		{F76DF282-3571-448E-9AD8-F33DA683809D} = {509D10BC-3734-4E50-BEC9-3AB62DE9E423}
	EndGlobalSection
	GlobalSection(ExtensibilityGlobals) = postSolution
		SolutionGuid = {9AD2738D-44A0-4DD5-8A66-1DB9134BF4AF}
	EndGlobalSection
EndGlobal
